
Microsoft Visual Studio Solution File, Format Version 12.00
# Visual Studio Version 17
VisualStudioVersion = 17.14.36705.20 d17.14
MinimumVisualStudioVersion = 10.0.40219.1
Project("{FAE04EC0-301F-11D3-BF4B-00C04F79EFBC}") = "Skill_Swap_Project", "Skill_Swap_Project.csproj", "{3AC50D91-949F-474A-9F49-A82FA0F63DE4}"
EndProject
Global
	GlobalSection(SolutionConfigurationPlatforms) = preSolution
		Debug|Any CPU = Debug|Any CPU
		Release|Any CPU = Release|Any CPU
	EndGlobalSection
	GlobalSection(ProjectConfigurationPlatforms) = postSolution
		{3AC50D91-949F-474A-9F49-A82FA0F63DE4}.Debug|Any CPU.ActiveCfg = Debug|Any CPU
		{3AC50D91-949F-474A-9F49-A82FA0F63DE4}.Debug|Any CPU.Build.0 = Debug|Any CPU
		{3AC50D91-949F-474A-9F49-A82FA0F63DE4}.Release|Any CPU.ActiveCfg = Release|Any CPU
		{3AC50D91-949F-474A-9F49-A82FA0F63DE4}.Release|Any CPU.Build.0 = Release|Any CPU
	EndGlobalSection
	GlobalSection(SolutionProperties) = preSolution
		HideSolutionNode = FALSE
	EndGlobalSection
	GlobalSection(ExtensibilityGlobals) = postSolution
		SolutionGuid = {9605F774-8B8A-436B-AED5-7B6EAF2DE374}
	EndGlobalSection
EndGlobal
